
Microsoft Visual Studio Solution File, Format Version 12.00
# Visual Studio 15
VisualStudioVersion = 15.0.27428.2015
MinimumVisualStudioVersion = 10.0.40219.1
Project("{FAE04EC0-301F-11D3-BF4B-00C04F79EFBC}") = "20180913_GWB_to_WURCs", "20180401_RTtoiRT\20180913_GWB_to_WURCs.csproj", "{B7DD455D-662B-43AA-A328-C8BF5F0776BC}"
EndProject
Global
	GlobalSection(SolutionConfigurationPlatforms) = preSolution
		Debug|Any CPU = Debug|Any CPU
		Release|Any CPU = Release|Any CPU
	EndGlobalSection
	GlobalSection(ProjectConfigurationPlatforms) = postSolution
		{B7DD455D-662B-43AA-A328-C8BF5F0776BC}.Debug|Any CPU.ActiveCfg = Debug|Any CPU
		{B7DD455D-662B-43AA-A328-C8BF5F0776BC}.Debug|Any CPU.Build.0 = Debug|Any CPU
		{B7DD455D-662B-43AA-A328-C8BF5F0776BC}.Release|Any CPU.ActiveCfg = Release|Any CPU
		{B7DD455D-662B-43AA-A328-C8BF5F0776BC}.Release|Any CPU.Build.0 = Release|Any CPU
	EndGlobalSection
	GlobalSection(SolutionProperties) = preSolution
		HideSolutionNode = FALSE
	EndGlobalSection
	GlobalSection(ExtensibilityGlobals) = postSolution
		SolutionGuid = {6EF8CF2C-3ED9-4310-BA6B-E6E396DF6270}
	EndGlobalSection
EndGlobal
